
Microsoft Visual Studio Solution File, Format Version 12.00
# Visual Studio Version 16
VisualStudioVersion = 16.0.30709.64
MinimumVisualStudioVersion = 10.0.40219.1
Project("{9A19103F-16F7-4668-BE54-9A1E7A4F7556}") = "SemanticUI.Core", "SemanticUI.Core\SemanticUI.Core.csproj", "{1CE5C392-953B-4045-8C7D-96A83B70AD4D}"
EndProject
Project("{9A19103F-16F7-4668-BE54-9A1E7A4F7556}") = "SemanticUI.Resources", "SemanticUI.Resources\SemanticUI.Resources.csproj", "{ADC06FEF-4DB9-4BED-99C1-2D350EB1AED3}"
EndProject
Project("{9A19103F-16F7-4668-BE54-9A1E7A4F7556}") = "SemanticUI.Blazor", "SemanticUI.Blazor\SemanticUI.Blazor.csproj", "{BB97199B-ADDC-4C8E-8F88-87FE43D46A5C}"
EndProject
Global
	GlobalSection(SolutionConfigurationPlatforms) = preSolution
		Debug|Any CPU = Debug|Any CPU
		Release|Any CPU = Release|Any CPU
	EndGlobalSection
	GlobalSection(ProjectConfigurationPlatforms) = postSolution
		{1CE5C392-953B-4045-8C7D-96A83B70AD4D}.Debug|Any CPU.ActiveCfg = Debug|Any CPU
		{1CE5C392-953B-4045-8C7D-96A83B70AD4D}.Debug|Any CPU.Build.0 = Debug|Any CPU
		{1CE5C392-953B-4045-8C7D-96A83B70AD4D}.Release|Any CPU.ActiveCfg = Release|Any CPU
		{1CE5C392-953B-4045-8C7D-96A83B70AD4D}.Release|Any CPU.Build.0 = Release|Any CPU
		{ADC06FEF-4DB9-4BED-99C1-2D350EB1AED3}.Debug|Any CPU.ActiveCfg = Debug|Any CPU
		{ADC06FEF-4DB9-4BED-99C1-2D350EB1AED3}.Debug|Any CPU.Build.0 = Debug|Any CPU
		{ADC06FEF-4DB9-4BED-99C1-2D350EB1AED3}.Release|Any CPU.ActiveCfg = Release|Any CPU
		{ADC06FEF-4DB9-4BED-99C1-2D350EB1AED3}.Release|Any CPU.Build.0 = Release|Any CPU
		{BB97199B-ADDC-4C8E-8F88-87FE43D46A5C}.Debug|Any CPU.ActiveCfg = Debug|Any CPU
		{BB97199B-ADDC-4C8E-8F88-87FE43D46A5C}.Debug|Any CPU.Build.0 = Debug|Any CPU
		{BB97199B-ADDC-4C8E-8F88-87FE43D46A5C}.Release|Any CPU.ActiveCfg = Release|Any CPU
		{BB97199B-ADDC-4C8E-8F88-87FE43D46A5C}.Release|Any CPU.Build.0 = Release|Any CPU
	EndGlobalSection
	GlobalSection(SolutionProperties) = preSolution
		HideSolutionNode = FALSE
	EndGlobalSection
	GlobalSection(ExtensibilityGlobals) = postSolution
		SolutionGuid = {77A25B15-A0AC-4057-A425-E2459A7FB78E}
	EndGlobalSection
EndGlobal
